
Microsoft Visual Studio Solution File, Format Version 12.00
# Visual Studio Version 17
VisualStudioVersion = 17.1.32210.238
MinimumVisualStudioVersion = 10.0.40219.1
Project("{2150E333-8FDC-42A3-9474-1A3956D46DE8}") = "0 - Presentation", "0 - Presentation", "{D0BA2E20-AAD1-46EE-ACEB-F8D79E26F2DF}"
EndProject
Project("{FAE04EC0-301F-11D3-BF4B-00C04F79EFBC}") = "AR.Presentation", "AR.Presentation\AR.Presentation.csproj", "{D9AF2993-C2E0-4517-8163-26F2DA1DA491}"
EndProject
Global
	GlobalSection(SolutionConfigurationPlatforms) = preSolution
		Debug|Any CPU = Debug|Any CPU
		Release|Any CPU = Release|Any CPU
	EndGlobalSection
	GlobalSection(ProjectConfigurationPlatforms) = postSolution
		{D9AF2993-C2E0-4517-8163-26F2DA1DA491}.Debug|Any CPU.ActiveCfg = Debug|Any CPU
		{D9AF2993-C2E0-4517-8163-26F2DA1DA491}.Debug|Any CPU.Build.0 = Debug|Any CPU
		{D9AF2993-C2E0-4517-8163-26F2DA1DA491}.Release|Any CPU.ActiveCfg = Release|Any CPU
		{D9AF2993-C2E0-4517-8163-26F2DA1DA491}.Release|Any CPU.Build.0 = Release|Any CPU
	EndGlobalSection
	GlobalSection(SolutionProperties) = preSolution
		HideSolutionNode = FALSE
	EndGlobalSection
	GlobalSection(NestedProjects) = preSolution
		{D9AF2993-C2E0-4517-8163-26F2DA1DA491} = {D0BA2E20-AAD1-46EE-ACEB-F8D79E26F2DF}
	EndGlobalSection
	GlobalSection(ExtensibilityGlobals) = postSolution
		SolutionGuid = {11199828-4FBB-4C01-B108-C1E5FA481657}
	EndGlobalSection
EndGlobal
